
Microsoft Visual Studio Solution File, Format Version 12.00
Project("{FAE04EC0-301F-11D3-BF4B-00C04F79EFBC}") = "BankingService", "BankingService\BankingService.csproj", "{09DC3C96-ED5F-4E2B-B9B0-004661901EB1}"
EndProject
Project("{FAE04EC0-301F-11D3-BF4B-00C04F79EFBC}") = "ClinicMananagment", "ClinicMananagment\ClinicMananagment.csproj", "{975F028D-E703-479D-9150-228A4E53D1BB}"
EndProject
Project("{FAE04EC0-301F-11D3-BF4B-00C04F79EFBC}") = "HospitalMangament", "HospitalMangament\HospitalMangament.csproj", "{2BB0CC89-6A48-44D3-AC38-D122CD70C0F5}"
EndProject
Global
	GlobalSection(SolutionConfigurationPlatforms) = preSolution
		Debug|Any CPU = Debug|Any CPU
		Release|Any CPU = Release|Any CPU
	EndGlobalSection
	GlobalSection(ProjectConfigurationPlatforms) = postSolution
		{09DC3C96-ED5F-4E2B-B9B0-004661901EB1}.Debug|Any CPU.ActiveCfg = Debug|Any CPU
		{09DC3C96-ED5F-4E2B-B9B0-004661901EB1}.Debug|Any CPU.Build.0 = Debug|Any CPU
		{09DC3C96-ED5F-4E2B-B9B0-004661901EB1}.Release|Any CPU.ActiveCfg = Release|Any CPU
		{09DC3C96-ED5F-4E2B-B9B0-004661901EB1}.Release|Any CPU.Build.0 = Release|Any CPU
		{975F028D-E703-479D-9150-228A4E53D1BB}.Debug|Any CPU.ActiveCfg = Debug|Any CPU
		{975F028D-E703-479D-9150-228A4E53D1BB}.Debug|Any CPU.Build.0 = Debug|Any CPU
		{975F028D-E703-479D-9150-228A4E53D1BB}.Release|Any CPU.ActiveCfg = Release|Any CPU
		{975F028D-E703-479D-9150-228A4E53D1BB}.Release|Any CPU.Build.0 = Release|Any CPU
		{2BB0CC89-6A48-44D3-AC38-D122CD70C0F5}.Debug|Any CPU.ActiveCfg = Debug|Any CPU
		{2BB0CC89-6A48-44D3-AC38-D122CD70C0F5}.Debug|Any CPU.Build.0 = Debug|Any CPU
		{2BB0CC89-6A48-44D3-AC38-D122CD70C0F5}.Release|Any CPU.ActiveCfg = Release|Any CPU
		{2BB0CC89-6A48-44D3-AC38-D122CD70C0F5}.Release|Any CPU.Build.0 = Release|Any CPU
	EndGlobalSection
EndGlobal
